
Microsoft Visual Studio Solution File, Format Version 12.00
# Visual Studio Version 16
VisualStudioVersion = 16.0.31424.327
MinimumVisualStudioVersion = 10.0.40219.1
Project("{FAE04EC0-301F-11D3-BF4B-00C04F79EFBC}") = "COVID19-status", "COVID19-status.csproj", "{1EA83665-D7EF-4E16-8842-1A0A9966349C}"
EndProject
Global
	GlobalSection(SolutionConfigurationPlatforms) = preSolution
		Debug|Any CPU = Debug|Any CPU
		Release|Any CPU = Release|Any CPU
	EndGlobalSection
	GlobalSection(ProjectConfigurationPlatforms) = postSolution
		{1EA83665-D7EF-4E16-8842-1A0A9966349C}.Debug|Any CPU.ActiveCfg = Debug|Any CPU
		{1EA83665-D7EF-4E16-8842-1A0A9966349C}.Debug|Any CPU.Build.0 = Debug|Any CPU
		{1EA83665-D7EF-4E16-8842-1A0A9966349C}.Release|Any CPU.ActiveCfg = Release|Any CPU
		{1EA83665-D7EF-4E16-8842-1A0A9966349C}.Release|Any CPU.Build.0 = Release|Any CPU
	EndGlobalSection
	GlobalSection(SolutionProperties) = preSolution
		HideSolutionNode = FALSE
	EndGlobalSection
	GlobalSection(ExtensibilityGlobals) = postSolution
		SolutionGuid = {0E7F5F40-0DCE-4ADB-B7E0-A8D2FE7018D4}
	EndGlobalSection
EndGlobal
